// !$*UTF8*$!
{
	archiveVersion = 1;
	classes = {
	};
	objectVersion = 46;
	objects = {

/* Begin PBXBuildFile section */
		D8F190F41D14FB4800F034A9 /* AppDelegate.swift in Sources */ = {isa = PBXBuildFile; fileRef = D8F190F31D14FB4800F034A9 /* AppDelegate.swift */; };
		D8F190F61D14FB4800F034A9 /* ViewController.swift in Sources */ = {isa = PBXBuildFile; fileRef = D8F190F51D14FB4800F034A9 /* ViewController.swift */; };
		D8F190F91D14FB4800F034A9 /* Main.storyboard in Resources */ = {isa = PBXBuildFile; fileRef = D8F190F71D14FB4800F034A9 /* Main.storyboard */; };
		D8F190FB1D14FB4800F034A9 /* Assets.xcassets in Resources */ = {isa = PBXBuildFile; fileRef = D8F190FA1D14FB4800F034A9 /* Assets.xcassets */; };
		D8F190FE1D14FB4800F034A9 /* LaunchScreen.storyboard in Resources */ = {isa = PBXBuildFile; fileRef = D8F190FC1D14FB4800F034A9 /* LaunchScreen.storyboard */; };
/* End PBXBuildFile section */

/* Begin PBXFileReference section */
		D8F190F01D14FB4800F034A9 /* Advanced Segues.app */ = {isa = PBXFileReference; explicitFileType = wrapper.application; includeInIndex = 0; path = "Advanced Segues.app"; sourceTree = BUILT_PRODUCTS_DIR; };
		D8F190F31D14FB4800F034A9 /* AppDelegate.swift */ = {isa = PBXFileReference; lastKnownFileType = sourcecode.swift; path = AppDelegate.swift; sourceTree = "<group>"; };
		D8F190F51D14FB4800F034A9 /* ViewController.swift */ = {isa = PBXFileReference; lastKnownFileType = sourcecode.swift; path = ViewController.swift; sourceTree = "<group>"; };
		D8F190F81D14FB4800F034A9 /* Base */ = {isa = PBXFileReference; lastKnownFileType = file.storyboard; name = Base; path = Base.lproj/Main.storyboard; sourceTree = "<group>"; };
		D8F190FA1D14FB4800F034A9 /* Assets.xcassets */ = {isa = PBXFileReference; lastKnownFileType = folder.assetcatalog; path = Assets.xcassets; sourceTree = "<group>"; };
		D8F190FD1D14FB4800F034A9 /* Base */ = {isa = PBXFileReference; lastKnownFileType = file.storyboard; name = Base; path = Base.lproj/LaunchScreen.storyboard; sourceTree = "<group>"; };
		D8F190FF1D14FB4800F034A9 /* Info.plist */ = {isa = PBXFileReference; lastKnownFileType = text.plist.xml; path = Info.plist; sourceTree = "<group>"; };
/* End PBXFileReference section */

/* Begin PBXFrameworksBuildPhase section */
		D8F190ED1D14FB4800F034A9 /* Frameworks */ = {
			isa = PBXFrameworksBuildPhase;
			buildActionMask = 2147483647;
			files = (
			);
			runOnlyForDeploymentPostprocessing = 0;
		};
/* End PBXFrameworksBuildPhase section */

/* Begin PBXGroup section */
		D8F190E71D14FB4800F034A9 = {
			isa = PBXGroup;
			children = (
				D8F190F21D14FB4800F034A9 /* Advanced Segues */,
				D8F190F11D14FB4800F034A9 /* Products */,
			);
			sourceTree = "<group>";
		};
		D8F190F11D14FB4800F034A9 /* Products */ = {
			isa = PBXGroup;
			children = (
				D8F190F01D14FB4800F034A9 /* Advanced Segues.app */,
			);
			name = Products;
			sourceTree = "<group>";
		};
		D8F190F21D14FB4800F034A9 /* Advanced Segues */ = {
			isa = PBXGroup;
			children = (
				D8F190F31D14FB4800F034A9 /* AppDelegate.swift */,
				D8F190F51D14FB4800F034A9 /* ViewController.swift */,
				D8F190F71D14FB4800F034A9 /* Main.storyboard */,
				D8F190FA1D14FB4800F034A9 /* Assets.xcassets */,
				D8F190FC1D14FB4800F034A9 /* LaunchScreen.storyboard */,
				D8F190FF1D14FB4800F034A9 /* Info.plist */,
			);
			path = "Advanced Segues";
			sourceTree = "<group>";
		};
/* End PBXGroup section */

/* Begin PBXNativeTarget section */
		D8F190EF1D14FB4800F034A9 /* Advanced Segues */ = {
			isa = PBXNativeTarget;
			buildConfigurationList = D8F191021D14FB4800F034A9 /* Build configuration list for PBXNativeTarget "Advanced Segues" */;
			buildPhases = (
				D8F190EC1D14FB4800F034A9 /* Sources */,
				D8F190ED1D14FB4800F034A9 /* Frameworks */,
				D8F190EE1D14FB4800F034A9 /* Resources */,
			);
			buildRules = (
			);
			dependencies = (
			);
			name = "Advanced Segues";
			productName = "Advanced Segues";
			productReference = D8F190F01D14FB4800F034A9 /* Advanced Segues.app */;
			productType = "com.apple.product-type.application";
		};
/* End PBXNativeTarget section */

/* Begin PBXProject section */
		D8F190E81D14FB4800F034A9 /* Project object */ = {
			isa = PBXProject;
			attributes = {
				LastSwiftUpdateCheck = 0730;
				LastUpgradeCheck = 0730;
				ORGANIZATIONNAME = fvergara;
				TargetAttributes = {
					D8F190EF1D14FB4800F034A9 = {
						CreatedOnToolsVersion = 7.3.1;
						DevelopmentTeam = DZ2LJDS532;
					};
				};
			};
			buildConfigurationList = D8F190EB1D14FB4800F034A9 /* Build configuration list for PBXProject "Advanced Segues" */;
			compatibilityVersion = "Xcode 3.2";
			developmentRegion = English;
			hasScannedForEncodings = 0;
			knownRegions = (
				en,
				Base,
			);
			mainGroup = D8F190E71D14FB4800F034A9;
			productRefGroup = D8F190F11D14FB4800F034A9 /* Products */;
			projectDirPath = "";
			projectRoot = "";
			targets = (
				D8F190EF1D14FB4800F034A9 /* Advanced Segues */,
			);
		};
/* End PBXProject section */

/* Begin PBXResourcesBuildPhase section */
		D8F190EE1D14FB4800F034A9 /* Resources */ = {
			isa = PBXResourcesBuildPhase;
			buildActionMask = 2147483647;
			files = (
				D8F190FE1D14FB4800F034A9 /* LaunchScreen.storyboard in Resources */,
				D8F190FB1D14FB4800F034A9 /* Assets.xcassets in Resources */,
				D8F190F91D14FB4800F034A9 /* Main.storyboard in Resources */,
			);
			runOnlyForDeploymentPostprocessing = 0;
		};
/* End PBXResourcesBuildPhase section */

/* Begin PBXSourcesBuildPhase section */
		D8F190EC1D14FB4800F034A9 /* Sources */ = {
			isa = PBXSourcesBuildPhase;
			buildActionMask = 2147483647;
			files = (
				D8F190F61D14FB4800F034A9 /* ViewController.swift in Sources */,
				D8F190F41D14FB4800F034A9 /* AppDelegate.swift in Sources */,
			);
			runOnlyForDeploymentPostprocessing = 0;
		};
/* End PBXSourcesBuildPhase section */

/* Begin PBXVariantGroup section */
		D8F190F71D14FB4800F034A9 /* Main.storyboard */ = {
			isa = PBXVariantGroup;
			children = (
				D8F190F81D14FB4800F034A9 /* Base */,
			);
			name = Main.storyboard;
			sourceTree = "<group>";
		};
		D8F190FC1D14FB4800F034A9 /* LaunchScreen.storyboard */ = {
			isa = PBXVariantGroup;
			children = (
				D8F190FD1D14FB4800F034A9 /* Base */,
			);
			name = LaunchScreen.storyboard;
			sourceTree = "<group>";
		};
/* End PBXVariantGroup section */

/* Begin XCBuildConfiguration section */
		D8F191001D14FB4800F034A9 /* Debug */ = {
			isa = XCBuildConfiguration;
			buildSettings = {
				ALWAYS_SEARCH_USER_PATHS = NO;
				CLANG_ANALYZER_NONNULL = YES;
				CLANG_CXX_LANGUAGE_STANDARD = "gnu++0x";
				CLANG_CXX_LIBRARY = "libc++";
				CLANG_ENABLE_MODULES = YES;
				CLANG_ENABLE_OBJC_ARC = YES;
				CLANG_WARN_BOOL_CONVERSION = YES;
				CLANG_WARN_CONSTANT_CONVERSION = YES;
				CLANG_WARN_DIRECT_OBJC_ISA_USAGE = YES_ERROR;
				CLANG_WARN_EMPTY_BODY = YES;
				CLANG_WARN_ENUM_CONVERSION = YES;
				CLANG_WARN_INT_CONVERSION = YES;
				CLANG_WARN_OBJC_ROOT_CLASS = YES_ERROR;
				CLANG_WARN_UNREACHABLE_CODE = YES;
				CLANG_WARN__DUPLICATE_METHOD_MATCH = YES;
				"CODE_SIGN_IDENTITY[sdk=iphoneos*]" = "iPhone Developer";
				COPY_PHASE_STRIP = NO;
				DEBUG_INFORMATION_FORMAT = dwarf;
				ENABLE_STRICT_OBJC_MSGSEND = YES;
				ENABLE_TESTABILITY = YES;
				GCC_C_LANGUAGE_STANDARD = gnu99;
				GCC_DYNAMIC_NO_PIC = NO;
				GCC_NO_COMMON_BLOCKS = YES;
				GCC_OPTIMIZATION_LEVEL = 0;
				GCC_PREPROCESSOR_DEFINITIONS = (
					"DEBUG=1",
					"$(inherited)",
				);
				GCC_WARN_64_TO_32_BIT_CONVERSION = YES;
				GCC_WARN_ABOUT_RETURN_TYPE = YES_ERROR;
				GCC_WARN_UNDECLARED_SELECTOR = YES;
				GCC_WARN_UNINITIALIZED_AUTOS = YES_AGGRESSIVE;
				GCC_WARN_UNUSED_FUNCTION = YES;
				GCC_WARN_UNUSED_VARIABLE = YES;
				IPHONEOS_DEPLOYMENT_TARGET = 9.3;
				MTL_ENABLE_DEBUG_INFO = YES;
				ONLY_ACTIVE_ARCH = YES;
				SDKROOT = iphoneos;
				SWIFT_OPTIMIZATION_LEVEL = "-Onone";
			};
			name = Debug;
		};
		D8F191011D14FB4800F034A9 /* Release */ = {
			isa = XCBuildConfiguration;
			buildSettings = {
				ALWAYS_SEARCH_USER_PATHS = NO;
				CLANG_ANALYZER_NONNULL = YES;
				CLANG_CXX_LANGUAGE_STANDARD = "gnu++0x";
				CLANG_CXX_LIBRARY = "libc++";
				CLANG_ENABLE_MODULES = YES;
				CLANG_ENABLE_OBJC_ARC = YES;
				CLANG_WARN_BOOL_CONVERSION = YES;
				CLANG_WARN_CONSTANT_CONVERSION = YES;
				CLANG_WARN_DIRECT_OBJC_ISA_USAGE = YES_ERROR;
				CLANG_WARN_EMPTY_BODY = YES;
				CLANG_WARN_ENUM_CONVERSION = YES;
				CLANG_WARN_INT_CONVERSION = YES;
				CLANG_WARN_OBJC_ROOT_CLASS = YES_ERROR;
				CLANG_WARN_UNREACHABLE_CODE = YES;
				CLANG_WARN__DUPLICATE_METHOD_MATCH = YES;
				"CODE_SIGN_IDENTITY[sdk=iphoneos*]" = "iPhone Developer";
				COPY_PHASE_STRIP = NO;
				DEBUG_INFORMATION_FORMAT = "dwarf-with-dsym";
				ENABLE_NS_ASSERTIONS = NO;
				ENABLE_STRICT_OBJC_MSGSEND = YES;
				GCC_C_LANGUAGE_STANDARD = gnu99;
				GCC_NO_COMMON_BLOCKS = YES;
				GCC_WARN_64_TO_32_BIT_CONVERSION = YES;
				GCC_WARN_ABOUT_RETURN_TYPE = YES_ERROR;
				GCC_WARN_UNDECLARED_SELECTOR = YES;
				GCC_WARN_UNINITIALIZED_AUTOS = YES_AGGRESSIVE;
				GCC_WARN_UNUSED_FUNCTION = YES;
				GCC_WARN_UNUSED_VARIABLE = YES;
				IPHONEOS_DEPLOYMENT_TARGET = 9.3;
				MTL_ENABLE_DEBUG_INFO = NO;
				SDKROOT = iphoneos;
				VALIDATE_PRODUCT = YES;
			};
			name = Release;
		};
		D8F191031D14FB4800F034A9 /* Debug */ = {
			isa = XCBuildConfiguration;
			buildSettings = {
				ASSETCATALOG_COMPILER_APPICON_NAME = AppIcon;
				INFOPLIST_FILE = "Advanced Segues/Info.plist";
				IPHONEOS_DEPLOYMENT_TARGET = 9.0;
				LD_RUNPATH_SEARCH_PATHS = "$(inherited) @executable_path/Frameworks";
				PRODUCT_BUNDLE_IDENTIFIER = "com.fvergara.Advanced-Segues";
				PRODUCT_NAME = "$(TARGET_NAME)";
			};
			name = Debug;
		};
		D8F191041D14FB4800F034A9 /* Release */ = {
			isa = XCBuildConfiguration;
			buildSettings = {
				ASSETCATALOG_COMPILER_APPICON_NAME = AppIcon;
				INFOPLIST_FILE = "Advanced Segues/Info.plist";
				IPHONEOS_DEPLOYMENT_TARGET = 9.0;
				LD_RUNPATH_SEARCH_PATHS = "$(inherited) @executable_path/Frameworks";
				PRODUCT_BUNDLE_IDENTIFIER = "com.fvergara.Advanced-Segues";
				PRODUCT_NAME = "$(TARGET_NAME)";
			};
			name = Release;
		};
/* End XCBuildConfiguration section */

/* Begin XCConfigurationList section */
		D8F190EB1D14FB4800F034A9 /* Build configuration list for PBXProject "Advanced Segues" */ = {
			isa = XCConfigurationList;
			buildConfigurations = (
				D8F191001D14FB4800F034A9 /* Debug */,
				D8F191011D14FB4800F034A9 /* Release */,
			);
			defaultConfigurationIsVisible = 0;
			defaultConfigurationName = Release;
		};
		D8F191021D14FB4800F034A9 /* Build configuration list for PBXNativeTarget "Advanced Segues" */ = {
			isa = XCConfigurationList;
			buildConfigurations = (
				D8F191031D14FB4800F034A9 /* Debug */,
				D8F191041D14FB4800F034A9 /* Release */,
			);
			defaultConfigurationIsVisible = 0;
		};
/* End XCConfigurationList section */
	};
	rootObject = D8F190E81D14FB4800F034A9 /* Project object */;
}
